// !$*UTF8*$!
{
	archiveVersion = 1;
	classes = {
	};
	objectVersion = 46;
	objects = {

/* Begin PBXBuildFile section */
		1DED81FF1DC5E0DD00C42639 /* main.m in Sources */ = {isa = PBXBuildFile; fileRef = 1DED81FE1DC5E0DD00C42639 /* main.m */; };
		1DED82021DC5E0DD00C42639 /* AppDelegate.m in Sources */ = {isa = PBXBuildFile; fileRef = 1DED82011DC5E0DD00C42639 /* AppDelegate.m */; };
		1DED82051DC5E0DD00C42639 /* ViewController.m in Sources */ = {isa = PBXBuildFile; fileRef = 1DED82041DC5E0DD00C42639 /* ViewController.m */; };
		1DED82081DC5E0DD00C42639 /* Main.storyboard in Resources */ = {isa = PBXBuildFile; fileRef = 1DED82061DC5E0DD00C42639 /* Main.storyboard */; };
		1DED820A1DC5E0DD00C42639 /* Assets.xcassets in Resources */ = {isa = PBXBuildFile; fileRef = 1DED82091DC5E0DD00C42639 /* Assets.xcassets */; };
		1DED820D1DC5E0DD00C42639 /* LaunchScreen.storyboard in Resources */ = {isa = PBXBuildFile; fileRef = 1DED820B1DC5E0DD00C42639 /* LaunchScreen.storyboard */; };
		1DED82171DC5E15A00C42639 /* SpeechController.m in Sources */ = {isa = PBXBuildFile; fileRef = 1DED82161DC5E15A00C42639 /* SpeechController.m */; };
		1DED821A1DC5E16F00C42639 /* FileViewController.m in Sources */ = {isa = PBXBuildFile; fileRef = 1DED82191DC5E16F00C42639 /* FileViewController.m */; };
		1DED821D1DC5E1A500C42639 /* XCSpeechRecognizer.m in Sources */ = {isa = PBXBuildFile; fileRef = 1DED821C1DC5E1A500C42639 /* XCSpeechRecognizer.m */; };
		1DED82211DC5F09100C42639 /* test.mp3 in Resources */ = {isa = PBXBuildFile; fileRef = 1DED82201DC5F09100C42639 /* test.mp3 */; };
/* End PBXBuildFile section */

/* Begin PBXFileReference section */
		1DED81FA1DC5E0DD00C42639 /* iOS10Speech_OC.app */ = {isa = PBXFileReference; explicitFileType = wrapper.application; includeInIndex = 0; path = iOS10Speech_OC.app; sourceTree = BUILT_PRODUCTS_DIR; };
		1DED81FE1DC5E0DD00C42639 /* main.m */ = {isa = PBXFileReference; lastKnownFileType = sourcecode.c.objc; path = main.m; sourceTree = "<group>"; };
		1DED82001DC5E0DD00C42639 /* AppDelegate.h */ = {isa = PBXFileReference; lastKnownFileType = sourcecode.c.h; path = AppDelegate.h; sourceTree = "<group>"; };
		1DED82011DC5E0DD00C42639 /* AppDelegate.m */ = {isa = PBXFileReference; lastKnownFileType = sourcecode.c.objc; path = AppDelegate.m; sourceTree = "<group>"; };
		1DED82031DC5E0DD00C42639 /* ViewController.h */ = {isa = PBXFileReference; lastKnownFileType = sourcecode.c.h; path = ViewController.h; sourceTree = "<group>"; };
		1DED82041DC5E0DD00C42639 /* ViewController.m */ = {isa = PBXFileReference; lastKnownFileType = sourcecode.c.objc; path = ViewController.m; sourceTree = "<group>"; };
		1DED82071DC5E0DD00C42639 /* Base */ = {isa = PBXFileReference; lastKnownFileType = file.storyboard; name = Base; path = Base.lproj/Main.storyboard; sourceTree = "<group>"; };
		1DED82091DC5E0DD00C42639 /* Assets.xcassets */ = {isa = PBXFileReference; lastKnownFileType = folder.assetcatalog; path = Assets.xcassets; sourceTree = "<group>"; };
		1DED820C1DC5E0DD00C42639 /* Base */ = {isa = PBXFileReference; lastKnownFileType = file.storyboard; name = Base; path = Base.lproj/LaunchScreen.storyboard; sourceTree = "<group>"; };
		1DED820E1DC5E0DD00C42639 /* Info.plist */ = {isa = PBXFileReference; lastKnownFileType = text.plist.xml; path = Info.plist; sourceTree = "<group>"; };
		1DED82151DC5E15A00C42639 /* SpeechController.h */ = {isa = PBXFileReference; fileEncoding = 4; lastKnownFileType = sourcecode.c.h; path = SpeechController.h; sourceTree = "<group>"; };
		1DED82161DC5E15A00C42639 /* SpeechController.m */ = {isa = PBXFileReference; fileEncoding = 4; lastKnownFileType = sourcecode.c.objc; path = SpeechController.m; sourceTree = "<group>"; };
		1DED82181DC5E16F00C42639 /* FileViewController.h */ = {isa = PBXFileReference; fileEncoding = 4; lastKnownFileType = sourcecode.c.h; path = FileViewController.h; sourceTree = "<group>"; };
		1DED82191DC5E16F00C42639 /* FileViewController.m */ = {isa = PBXFileReference; fileEncoding = 4; lastKnownFileType = sourcecode.c.objc; path = FileViewController.m; sourceTree = "<group>"; };
		1DED821B1DC5E1A500C42639 /* XCSpeechRecognizer.h */ = {isa = PBXFileReference; fileEncoding = 4; lastKnownFileType = sourcecode.c.h; path = XCSpeechRecognizer.h; sourceTree = "<group>"; };
		1DED821C1DC5E1A500C42639 /* XCSpeechRecognizer.m */ = {isa = PBXFileReference; fileEncoding = 4; lastKnownFileType = sourcecode.c.objc; path = XCSpeechRecognizer.m; sourceTree = "<group>"; };
		1DED82201DC5F09100C42639 /* test.mp3 */ = {isa = PBXFileReference; lastKnownFileType = audio.mp3; path = test.mp3; sourceTree = "<group>"; };
/* End PBXFileReference section */

/* Begin PBXFrameworksBuildPhase section */
		1DED81F71DC5E0DD00C42639 /* Frameworks */ = {
			isa = PBXFrameworksBuildPhase;
			buildActionMask = 2147483647;
			files = (
			);
			runOnlyForDeploymentPostprocessing = 0;
		};
/* End PBXFrameworksBuildPhase section */

/* Begin PBXGroup section */
		1DED81F11DC5E0DD00C42639 = {
			isa = PBXGroup;
			children = (
				1DED81FC1DC5E0DD00C42639 /* iOS10Speech_OC */,
				1DED81FB1DC5E0DD00C42639 /* Products */,
			);
			sourceTree = "<group>";
		};
		1DED81FB1DC5E0DD00C42639 /* Products */ = {
			isa = PBXGroup;
			children = (
				1DED81FA1DC5E0DD00C42639 /* iOS10Speech_OC.app */,
			);
			name = Products;
			sourceTree = "<group>";
		};
		1DED81FC1DC5E0DD00C42639 /* iOS10Speech_OC */ = {
			isa = PBXGroup;
			children = (
				1DED82141DC5E14900C42639 /* tool */,
				1DED82001DC5E0DD00C42639 /* AppDelegate.h */,
				1DED82011DC5E0DD00C42639 /* AppDelegate.m */,
				1DED82031DC5E0DD00C42639 /* ViewController.h */,
				1DED82041DC5E0DD00C42639 /* ViewController.m */,
				1DED82151DC5E15A00C42639 /* SpeechController.h */,
				1DED82161DC5E15A00C42639 /* SpeechController.m */,
				1DED82181DC5E16F00C42639 /* FileViewController.h */,
				1DED82191DC5E16F00C42639 /* FileViewController.m */,
				1DED82061DC5E0DD00C42639 /* Main.storyboard */,
				1DED82201DC5F09100C42639 /* test.mp3 */,
				1DED82091DC5E0DD00C42639 /* Assets.xcassets */,
				1DED820B1DC5E0DD00C42639 /* LaunchScreen.storyboard */,
				1DED820E1DC5E0DD00C42639 /* Info.plist */,
				1DED81FD1DC5E0DD00C42639 /* Supporting Files */,
			);
			path = iOS10Speech_OC;
			sourceTree = "<group>";
		};
		1DED81FD1DC5E0DD00C42639 /* Supporting Files */ = {
			isa = PBXGroup;
			children = (
				1DED81FE1DC5E0DD00C42639 /* main.m */,
			);
			name = "Supporting Files";
			sourceTree = "<group>";
		};
		1DED82141DC5E14900C42639 /* tool */ = {
			isa = PBXGroup;
			children = (
				1DED821B1DC5E1A500C42639 /* XCSpeechRecognizer.h */,
				1DED821C1DC5E1A500C42639 /* XCSpeechRecognizer.m */,
			);
			name = tool;
			sourceTree = "<group>";
		};
/* End PBXGroup section */

/* Begin PBXNativeTarget section */
		1DED81F91DC5E0DD00C42639 /* iOS10Speech_OC */ = {
			isa = PBXNativeTarget;
			buildConfigurationList = 1DED82111DC5E0DD00C42639 /* Build configuration list for PBXNativeTarget "iOS10Speech_OC" */;
			buildPhases = (
				1DED81F61DC5E0DD00C42639 /* Sources */,
				1DED81F71DC5E0DD00C42639 /* Frameworks */,
				1DED81F81DC5E0DD00C42639 /* Resources */,
			);
			buildRules = (
			);
			dependencies = (
			);
			name = iOS10Speech_OC;
			productName = iOS10Speech_OC;
			productReference = 1DED81FA1DC5E0DD00C42639 /* iOS10Speech_OC.app */;
			productType = "com.apple.product-type.application";
		};
/* End PBXNativeTarget section */

/* Begin PBXProject section */
		1DED81F21DC5E0DD00C42639 /* Project object */ = {
			isa = PBXProject;
			attributes = {
				LastUpgradeCheck = 0800;
				ORGANIZATIONNAME = SF;
				TargetAttributes = {
					1DED81F91DC5E0DD00C42639 = {
						CreatedOnToolsVersion = 8.0;
						DevelopmentTeam = VN226642G5;
						ProvisioningStyle = Automatic;
					};
				};
			};
			buildConfigurationList = 1DED81F51DC5E0DD00C42639 /* Build configuration list for PBXProject "iOS10Speech_OC" */;
			compatibilityVersion = "Xcode 3.2";
			developmentRegion = English;
			hasScannedForEncodings = 0;
			knownRegions = (
				en,
				Base,
			);
			mainGroup = 1DED81F11DC5E0DD00C42639;
			productRefGroup = 1DED81FB1DC5E0DD00C42639 /* Products */;
			projectDirPath = "";
			projectRoot = "";
			targets = (
				1DED81F91DC5E0DD00C42639 /* iOS10Speech_OC */,
			);
		};
/* End PBXProject section */

/* Begin PBXResourcesBuildPhase section */
		1DED81F81DC5E0DD00C42639 /* Resources */ = {
			isa = PBXResourcesBuildPhase;
			buildActionMask = 2147483647;
			files = (
				1DED820D1DC5E0DD00C42639 /* LaunchScreen.storyboard in Resources */,
				1DED82211DC5F09100C42639 /* test.mp3 in Resources */,
				1DED820A1DC5E0DD00C42639 /* Assets.xcassets in Resources */,
				1DED82081DC5E0DD00C42639 /* Main.storyboard in Resources */,
			);
			runOnlyForDeploymentPostprocessing = 0;
		};
/* End PBXResourcesBuildPhase section */

/* Begin PBXSourcesBuildPhase section */
		1DED81F61DC5E0DD00C42639 /* Sources */ = {
			isa = PBXSourcesBuildPhase;
			buildActionMask = 2147483647;
			files = (
				1DED82051DC5E0DD00C42639 /* ViewController.m in Sources */,
				1DED82171DC5E15A00C42639 /* SpeechController.m in Sources */,
				1DED821D1DC5E1A500C42639 /* XCSpeechRecognizer.m in Sources */,
				1DED821A1DC5E16F00C42639 /* FileViewController.m in Sources */,
				1DED82021DC5E0DD00C42639 /* AppDelegate.m in Sources */,
				1DED81FF1DC5E0DD00C42639 /* main.m in Sources */,
			);
			runOnlyForDeploymentPostprocessing = 0;
		};
/* End PBXSourcesBuildPhase section */

/* Begin PBXVariantGroup section */
		1DED82061DC5E0DD00C42639 /* Main.storyboard */ = {
			isa = PBXVariantGroup;
			children = (
				1DED82071DC5E0DD00C42639 /* Base */,
			);
			name = Main.storyboard;
			sourceTree = "<group>";
		};
		1DED820B1DC5E0DD00C42639 /* LaunchScreen.storyboard */ = {
			isa = PBXVariantGroup;
			children = (
				1DED820C1DC5E0DD00C42639 /* Base */,
			);
			name = LaunchScreen.storyboard;
			sourceTree = "<group>";
		};
/* End PBXVariantGroup section */

/* Begin XCBuildConfiguration section */
		1DED820F1DC5E0DD00C42639 /* Debug */ = {
			isa = XCBuildConfiguration;
			buildSettings = {
				ALWAYS_SEARCH_USER_PATHS = NO;
				CLANG_ANALYZER_NONNULL = YES;
				CLANG_CXX_LANGUAGE_STANDARD = "gnu++0x";
				CLANG_CXX_LIBRARY = "libc++";
				CLANG_ENABLE_MODULES = YES;
				CLANG_ENABLE_OBJC_ARC = YES;
				CLANG_WARN_BOOL_CONVERSION = YES;
				CLANG_WARN_CONSTANT_CONVERSION = YES;
				CLANG_WARN_DIRECT_OBJC_ISA_USAGE = YES_ERROR;
				CLANG_WARN_DOCUMENTATION_COMMENTS = YES;
				CLANG_WARN_EMPTY_BODY = YES;
				CLANG_WARN_ENUM_CONVERSION = YES;
				CLANG_WARN_INFINITE_RECURSION = YES;
				CLANG_WARN_INT_CONVERSION = YES;
				CLANG_WARN_OBJC_ROOT_CLASS = YES_ERROR;
				CLANG_WARN_SUSPICIOUS_MOVES = YES;
				CLANG_WARN_UNREACHABLE_CODE = YES;
				CLANG_WARN__DUPLICATE_METHOD_MATCH = YES;
				"CODE_SIGN_IDENTITY[sdk=iphoneos*]" = "iPhone Developer";
				COPY_PHASE_STRIP = NO;
				DEBUG_INFORMATION_FORMAT = dwarf;
				ENABLE_STRICT_OBJC_MSGSEND = YES;
				ENABLE_TESTABILITY = YES;
				GCC_C_LANGUAGE_STANDARD = gnu99;
				GCC_DYNAMIC_NO_PIC = NO;
				GCC_NO_COMMON_BLOCKS = YES;
				GCC_OPTIMIZATION_LEVEL = 0;
				GCC_PREPROCESSOR_DEFINITIONS = (
					"DEBUG=1",
					"$(inherited)",
				);
				GCC_WARN_64_TO_32_BIT_CONVERSION = YES;
				GCC_WARN_ABOUT_RETURN_TYPE = YES_ERROR;
				GCC_WARN_UNDECLARED_SELECTOR = YES;
				GCC_WARN_UNINITIALIZED_AUTOS = YES_AGGRESSIVE;
				GCC_WARN_UNUSED_FUNCTION = YES;
				GCC_WARN_UNUSED_VARIABLE = YES;
				IPHONEOS_DEPLOYMENT_TARGET = 10.0;
				MTL_ENABLE_DEBUG_INFO = YES;
				ONLY_ACTIVE_ARCH = YES;
				SDKROOT = iphoneos;
			};
			name = Debug;
		};
		1DED82101DC5E0DD00C42639 /* Release */ = {
			isa = XCBuildConfiguration;
			buildSettings = {
				ALWAYS_SEARCH_USER_PATHS = NO;
				CLANG_ANALYZER_NONNULL = YES;
				CLANG_CXX_LANGUAGE_STANDARD = "gnu++0x";
				CLANG_CXX_LIBRARY = "libc++";
				CLANG_ENABLE_MODULES = YES;
				CLANG_ENABLE_OBJC_ARC = YES;
				CLANG_WARN_BOOL_CONVERSION = YES;
				CLANG_WARN_CONSTANT_CONVERSION = YES;
				CLANG_WARN_DIRECT_OBJC_ISA_USAGE = YES_ERROR;
				CLANG_WARN_DOCUMENTATION_COMMENTS = YES;
				CLANG_WARN_EMPTY_BODY = YES;
				CLANG_WARN_ENUM_CONVERSION = YES;
				CLANG_WARN_INFINITE_RECURSION = YES;
				CLANG_WARN_INT_CONVERSION = YES;
				CLANG_WARN_OBJC_ROOT_CLASS = YES_ERROR;
				CLANG_WARN_SUSPICIOUS_MOVES = YES;
				CLANG_WARN_UNREACHABLE_CODE = YES;
				CLANG_WARN__DUPLICATE_METHOD_MATCH = YES;
				"CODE_SIGN_IDENTITY[sdk=iphoneos*]" = "iPhone Developer";
				COPY_PHASE_STRIP = NO;
				DEBUG_INFORMATION_FORMAT = "dwarf-with-dsym";
				ENABLE_NS_ASSERTIONS = NO;
				ENABLE_STRICT_OBJC_MSGSEND = YES;
				GCC_C_LANGUAGE_STANDARD = gnu99;
				GCC_NO_COMMON_BLOCKS = YES;
				GCC_WARN_64_TO_32_BIT_CONVERSION = YES;
				GCC_WARN_ABOUT_RETURN_TYPE = YES_ERROR;
				GCC_WARN_UNDECLARED_SELECTOR = YES;
				GCC_WARN_UNINITIALIZED_AUTOS = YES_AGGRESSIVE;
				GCC_WARN_UNUSED_FUNCTION = YES;
				GCC_WARN_UNUSED_VARIABLE = YES;
				IPHONEOS_DEPLOYMENT_TARGET = 10.0;
				MTL_ENABLE_DEBUG_INFO = NO;
				SDKROOT = iphoneos;
				VALIDATE_PRODUCT = YES;
			};
			name = Release;
		};
		1DED82121DC5E0DD00C42639 /* Debug */ = {
			isa = XCBuildConfiguration;
			buildSettings = {
				ASSETCATALOG_COMPILER_APPICON_NAME = AppIcon;
				DEVELOPMENT_TEAM = VN226642G5;
				INFOPLIST_FILE = iOS10Speech_OC/Info.plist;
				IPHONEOS_DEPLOYMENT_TARGET = 10.0;
				LD_RUNPATH_SEARCH_PATHS = "$(inherited) @executable_path/Frameworks";
				PRODUCT_BUNDLE_IDENTIFIER = "com.suifeng.iOS10Speech-OC";
				PRODUCT_NAME = "$(TARGET_NAME)";
			};
			name = Debug;
		};
		1DED82131DC5E0DD00C42639 /* Release */ = {
			isa = XCBuildConfiguration;
			buildSettings = {
				ASSETCATALOG_COMPILER_APPICON_NAME = AppIcon;
				DEVELOPMENT_TEAM = VN226642G5;
				INFOPLIST_FILE = iOS10Speech_OC/Info.plist;
				IPHONEOS_DEPLOYMENT_TARGET = 10.0;
				LD_RUNPATH_SEARCH_PATHS = "$(inherited) @executable_path/Frameworks";
				PRODUCT_BUNDLE_IDENTIFIER = "com.suifeng.iOS10Speech-OC";
				PRODUCT_NAME = "$(TARGET_NAME)";
			};
			name = Release;
		};
/* End XCBuildConfiguration section */

/* Begin XCConfigurationList section */
		1DED81F51DC5E0DD00C42639 /* Build configuration list for PBXProject "iOS10Speech_OC" */ = {
			isa = XCConfigurationList;
			buildConfigurations = (
				1DED820F1DC5E0DD00C42639 /* Debug */,
				1DED82101DC5E0DD00C42639 /* Release */,
			);
			defaultConfigurationIsVisible = 0;
			defaultConfigurationName = Release;
		};
		1DED82111DC5E0DD00C42639 /* Build configuration list for PBXNativeTarget "iOS10Speech_OC" */ = {
			isa = XCConfigurationList;
			buildConfigurations = (
				1DED82121DC5E0DD00C42639 /* Debug */,
				1DED82131DC5E0DD00C42639 /* Release */,
			);
			defaultConfigurationIsVisible = 0;
		};
/* End XCConfigurationList section */
	};
	rootObject = 1DED81F21DC5E0DD00C42639 /* Project object */;
}
